
Microsoft Visual Studio Solution File, Format Version 12.00
# Visual Studio Version 17
VisualStudioVersion = 17.4.33213.308
MinimumVisualStudioVersion = 10.0.40219.1
Project("{FAE04EC0-301F-11D3-BF4B-00C04F79EFBC}") = "Helix", "Helix\Helix.csproj", "{3728CFE5-F624-485D-9987-EB0A0C8EE4C3}"
EndProject
Global
	GlobalSection(SolutionConfigurationPlatforms) = preSolution
		Debug|Any CPU = Debug|Any CPU
		Release|Any CPU = Release|Any CPU
	EndGlobalSection
	GlobalSection(ProjectConfigurationPlatforms) = postSolution
		{3728CFE5-F624-485D-9987-EB0A0C8EE4C3}.Debug|Any CPU.ActiveCfg = Debug|Any CPU
		{3728CFE5-F624-485D-9987-EB0A0C8EE4C3}.Debug|Any CPU.Build.0 = Debug|Any CPU
		{3728CFE5-F624-485D-9987-EB0A0C8EE4C3}.Release|Any CPU.ActiveCfg = Release|Any CPU
		{3728CFE5-F624-485D-9987-EB0A0C8EE4C3}.Release|Any CPU.Build.0 = Release|Any CPU
	EndGlobalSection
	GlobalSection(SolutionProperties) = preSolution
		HideSolutionNode = FALSE
	EndGlobalSection
	GlobalSection(ExtensibilityGlobals) = postSolution
		SolutionGuid = {796E11C4-B247-4373-B725-7D59FC0BB5E1}
	EndGlobalSection
EndGlobal
